
Microsoft Visual Studio Solution File, Format Version 12.00
Project("{FAE04EC0-301F-11D3-BF4B-00C04F79EFBC}") = "TestProj", "TestProj\TestProj.csproj", "{38FF3312-B009-4576-B1C4-78949D8E31FB}"
EndProject
Global
	GlobalSection(SolutionConfigurationPlatforms) = preSolution
		Debug|Any CPU = Debug|Any CPU
		Release|Any CPU = Release|Any CPU
	EndGlobalSection
	GlobalSection(ProjectConfigurationPlatforms) = postSolution
		{38FF3312-B009-4576-B1C4-78949D8E31FB}.Debug|Any CPU.ActiveCfg = Debug|Any CPU
		{38FF3312-B009-4576-B1C4-78949D8E31FB}.Debug|Any CPU.Build.0 = Debug|Any CPU
		{38FF3312-B009-4576-B1C4-78949D8E31FB}.Release|Any CPU.ActiveCfg = Release|Any CPU
		{38FF3312-B009-4576-B1C4-78949D8E31FB}.Release|Any CPU.Build.0 = Release|Any CPU
	EndGlobalSection
EndGlobal
